
Microsoft Visual Studio Solution File, Format Version 12.00
# Visual Studio 15
VisualStudioVersion = 15.0.28010.2019
MinimumVisualStudioVersion = 10.0.40219.1
Project("{FAE04EC0-301F-11D3-BF4B-00C04F79EFBC}") = "Lab1_Honey", "Lab1_Honey\Lab1_Honey.csproj", "{4F52AE97-F853-465E-B511-359966E05162}"
EndProject
Project("{FAE04EC0-301F-11D3-BF4B-00C04F79EFBC}") = "Lab1_Honey.Tests", "Lab1_Honey.Tests\Lab1_Honey.Tests.csproj", "{5EDB80E8-DBD9-46C7-9230-5A22C175C99B}"
EndProject
Global
	GlobalSection(SolutionConfigurationPlatforms) = preSolution
		Debug|Any CPU = Debug|Any CPU
		Release|Any CPU = Release|Any CPU
	EndGlobalSection
	GlobalSection(ProjectConfigurationPlatforms) = postSolution
		{4F52AE97-F853-465E-B511-359966E05162}.Debug|Any CPU.ActiveCfg = Debug|Any CPU
		{4F52AE97-F853-465E-B511-359966E05162}.Debug|Any CPU.Build.0 = Debug|Any CPU
		{4F52AE97-F853-465E-B511-359966E05162}.Release|Any CPU.ActiveCfg = Release|Any CPU
		{4F52AE97-F853-465E-B511-359966E05162}.Release|Any CPU.Build.0 = Release|Any CPU
		{5EDB80E8-DBD9-46C7-9230-5A22C175C99B}.Debug|Any CPU.ActiveCfg = Debug|Any CPU
		{5EDB80E8-DBD9-46C7-9230-5A22C175C99B}.Debug|Any CPU.Build.0 = Debug|Any CPU
		{5EDB80E8-DBD9-46C7-9230-5A22C175C99B}.Release|Any CPU.ActiveCfg = Release|Any CPU
		{5EDB80E8-DBD9-46C7-9230-5A22C175C99B}.Release|Any CPU.Build.0 = Release|Any CPU
	EndGlobalSection
	GlobalSection(SolutionProperties) = preSolution
		HideSolutionNode = FALSE
	EndGlobalSection
	GlobalSection(ExtensibilityGlobals) = postSolution
		SolutionGuid = {4FB14AC3-D497-4230-B5E8-667F0AFDDEBF}
	EndGlobalSection
EndGlobal
